
Microsoft Visual Studio Solution File, Format Version 12.00
# Visual Studio Version 17
VisualStudioVersion = 17.10.35013.160
MinimumVisualStudioVersion = 10.0.40219.1
Project("{FAE04EC0-301F-11D3-BF4B-00C04F79EFBC}") = "5_6_1_Anketa", "5_6_1_Anketa\5_6_1_Anketa.csproj", "{8DA559DA-2A68-4959-89F4-13AE0AF76DB8}"
EndProject
Global
	GlobalSection(SolutionConfigurationPlatforms) = preSolution
		Debug|Any CPU = Debug|Any CPU
		Release|Any CPU = Release|Any CPU
	EndGlobalSection
	GlobalSection(ProjectConfigurationPlatforms) = postSolution
		{8DA559DA-2A68-4959-89F4-13AE0AF76DB8}.Debug|Any CPU.ActiveCfg = Debug|Any CPU
		{8DA559DA-2A68-4959-89F4-13AE0AF76DB8}.Debug|Any CPU.Build.0 = Debug|Any CPU
		{8DA559DA-2A68-4959-89F4-13AE0AF76DB8}.Release|Any CPU.ActiveCfg = Release|Any CPU
		{8DA559DA-2A68-4959-89F4-13AE0AF76DB8}.Release|Any CPU.Build.0 = Release|Any CPU
	EndGlobalSection
	GlobalSection(SolutionProperties) = preSolution
		HideSolutionNode = FALSE
	EndGlobalSection
	GlobalSection(ExtensibilityGlobals) = postSolution
		SolutionGuid = {7A6F4EEA-B246-4461-B5E7-E620D6546405}
	EndGlobalSection
EndGlobal
